
Microsoft Visual Studio Solution File, Format Version 12.00
# Visual Studio Version 17
VisualStudioVersion = 17.0.31903.59
MinimumVisualStudioVersion = 10.0.40219.1
Project("{2150E333-8FDC-42A3-9474-1A3956D46DE8}") = "Services", "Services", "{450F6A9A-5D9F-4549-BD18-D085C54E110A}"
EndProject
Project("{2150E333-8FDC-42A3-9474-1A3956D46DE8}") = "Catalog", "Catalog", "{5CCF90C0-201A-4766-B515-7AC7A4A809F0}"
EndProject
Project("{FAE04EC0-301F-11D3-BF4B-00C04F79EFBC}") = "CatalogAPI", "Services\Catalog\CatalogAPI\CatalogAPI.csproj", "{8164E482-8B57-4E11-BE7F-BFBE9B7B53DA}"
EndProject
Project("{2150E333-8FDC-42A3-9474-1A3956D46DE8}") = "BuildingBlocks", "BuildingBlocks", "{095735D8-3DE8-4487-BA64-0C03AF3BFF97}"
EndProject
Project("{FAE04EC0-301F-11D3-BF4B-00C04F79EFBC}") = "BuildingBlocks", "BuildingBlocks\BuildingBlocks\BuildingBlocks.csproj", "{F5B14695-BFB2-4CFB-8D54-82206627355F}"
EndProject
Project("{2150E333-8FDC-42A3-9474-1A3956D46DE8}") = "Basket", "Basket", "{2C65E35E-6C2F-4796-9625-55BD8F0C2409}"
EndProject
Project("{FAE04EC0-301F-11D3-BF4B-00C04F79EFBC}") = "BasketAPI", "Services\Basket\BasketAPI\BasketAPI.csproj", "{42F65656-6DD4-4CAD-B88A-5D68B6F26D69}"
EndProject
Project("{2150E333-8FDC-42A3-9474-1A3956D46DE8}") = "Discount", "Discount", "{CF264834-5FF0-4F18-9FE1-352B652C3E37}"
EndProject
Project("{FAE04EC0-301F-11D3-BF4B-00C04F79EFBC}") = "Discount.Grpc", "Services\Discount\Discount.Grpc\Discount.Grpc.csproj", "{7A2D4C4A-DF40-48A8-B4C9-AD049BCE34BC}"
EndProject
Project("{2150E333-8FDC-42A3-9474-1A3956D46DE8}") = "Ordering", "Ordering", "{E3F15284-2588-4026-908D-910BC447056A}"
EndProject
Project("{FAE04EC0-301F-11D3-BF4B-00C04F79EFBC}") = "OrderingAPI", "Services\Ordering\OrderingAPI\OrderingAPI.csproj", "{5723097D-B37E-4BFA-83CE-21CE46F2CA05}"
EndProject
Project("{FAE04EC0-301F-11D3-BF4B-00C04F79EFBC}") = "Ordering.Domain", "Services\Ordering\Ordering.Domain\Ordering.Domain.csproj", "{2B671DFC-EDB3-44C2-9B88-75EB33DB2E8B}"
EndProject
Project("{FAE04EC0-301F-11D3-BF4B-00C04F79EFBC}") = "Ordering.Application", "Services\Ordering\Ordering.Application\Ordering.Application.csproj", "{1B23E644-181F-4AE7-A20D-530258C6BE0D}"
EndProject
Project("{FAE04EC0-301F-11D3-BF4B-00C04F79EFBC}") = "Ordering.Infrastructure", "Services\Ordering\Ordering.Infrastructure\Ordering.Infrastructure.csproj", "{9E125C30-8FB8-4F74-AF0E-80053A684630}"
EndProject
Project("{FAE04EC0-301F-11D3-BF4B-00C04F79EFBC}") = "BuildingBlocks.Messaging", "BuildingBlocks\BuildingBlocks.Messaging\BuildingBlocks.Messaging.csproj", "{D2102274-476D-4214-9083-284EACC6E988}"
EndProject
Project("{2150E333-8FDC-42A3-9474-1A3956D46DE8}") = "ApiGateways", "ApiGateways", "{5A096968-DEED-48AD-A2F8-C45565A7D896}"
EndProject
Project("{FAE04EC0-301F-11D3-BF4B-00C04F79EFBC}") = "YarpApiGateway", "ApiGateways\YarpApiGateway\YarpApiGateway.csproj", "{A89169C8-4DE4-4035-8D5F-FEA50836A941}"
EndProject
Global
	GlobalSection(SolutionConfigurationPlatforms) = preSolution
		Debug|Any CPU = Debug|Any CPU
		Release|Any CPU = Release|Any CPU
	EndGlobalSection
	GlobalSection(ProjectConfigurationPlatforms) = postSolution
		{8164E482-8B57-4E11-BE7F-BFBE9B7B53DA}.Debug|Any CPU.ActiveCfg = Debug|Any CPU
		{8164E482-8B57-4E11-BE7F-BFBE9B7B53DA}.Debug|Any CPU.Build.0 = Debug|Any CPU
		{8164E482-8B57-4E11-BE7F-BFBE9B7B53DA}.Release|Any CPU.ActiveCfg = Release|Any CPU
		{8164E482-8B57-4E11-BE7F-BFBE9B7B53DA}.Release|Any CPU.Build.0 = Release|Any CPU
		{F5B14695-BFB2-4CFB-8D54-82206627355F}.Debug|Any CPU.ActiveCfg = Debug|Any CPU
		{F5B14695-BFB2-4CFB-8D54-82206627355F}.Debug|Any CPU.Build.0 = Debug|Any CPU
		{F5B14695-BFB2-4CFB-8D54-82206627355F}.Release|Any CPU.ActiveCfg = Release|Any CPU
		{F5B14695-BFB2-4CFB-8D54-82206627355F}.Release|Any CPU.Build.0 = Release|Any CPU
		{42F65656-6DD4-4CAD-B88A-5D68B6F26D69}.Debug|Any CPU.ActiveCfg = Debug|Any CPU
		{42F65656-6DD4-4CAD-B88A-5D68B6F26D69}.Debug|Any CPU.Build.0 = Debug|Any CPU
		{42F65656-6DD4-4CAD-B88A-5D68B6F26D69}.Release|Any CPU.ActiveCfg = Release|Any CPU
		{42F65656-6DD4-4CAD-B88A-5D68B6F26D69}.Release|Any CPU.Build.0 = Release|Any CPU
		{7A2D4C4A-DF40-48A8-B4C9-AD049BCE34BC}.Debug|Any CPU.ActiveCfg = Debug|Any CPU
		{7A2D4C4A-DF40-48A8-B4C9-AD049BCE34BC}.Debug|Any CPU.Build.0 = Debug|Any CPU
		{7A2D4C4A-DF40-48A8-B4C9-AD049BCE34BC}.Release|Any CPU.ActiveCfg = Release|Any CPU
		{7A2D4C4A-DF40-48A8-B4C9-AD049BCE34BC}.Release|Any CPU.Build.0 = Release|Any CPU
		{5723097D-B37E-4BFA-83CE-21CE46F2CA05}.Debug|Any CPU.ActiveCfg = Debug|Any CPU
		{5723097D-B37E-4BFA-83CE-21CE46F2CA05}.Debug|Any CPU.Build.0 = Debug|Any CPU
		{5723097D-B37E-4BFA-83CE-21CE46F2CA05}.Release|Any CPU.ActiveCfg = Release|Any CPU
		{5723097D-B37E-4BFA-83CE-21CE46F2CA05}.Release|Any CPU.Build.0 = Release|Any CPU
		{2B671DFC-EDB3-44C2-9B88-75EB33DB2E8B}.Debug|Any CPU.ActiveCfg = Debug|Any CPU
		{2B671DFC-EDB3-44C2-9B88-75EB33DB2E8B}.Debug|Any CPU.Build.0 = Debug|Any CPU
		{2B671DFC-EDB3-44C2-9B88-75EB33DB2E8B}.Release|Any CPU.ActiveCfg = Release|Any CPU
		{2B671DFC-EDB3-44C2-9B88-75EB33DB2E8B}.Release|Any CPU.Build.0 = Release|Any CPU
		{1B23E644-181F-4AE7-A20D-530258C6BE0D}.Debug|Any CPU.ActiveCfg = Debug|Any CPU
		{1B23E644-181F-4AE7-A20D-530258C6BE0D}.Debug|Any CPU.Build.0 = Debug|Any CPU
		{1B23E644-181F-4AE7-A20D-530258C6BE0D}.Release|Any CPU.ActiveCfg = Release|Any CPU
		{1B23E644-181F-4AE7-A20D-530258C6BE0D}.Release|Any CPU.Build.0 = Release|Any CPU
		{9E125C30-8FB8-4F74-AF0E-80053A684630}.Debug|Any CPU.ActiveCfg = Debug|Any CPU
		{9E125C30-8FB8-4F74-AF0E-80053A684630}.Debug|Any CPU.Build.0 = Debug|Any CPU
		{9E125C30-8FB8-4F74-AF0E-80053A684630}.Release|Any CPU.ActiveCfg = Release|Any CPU
		{9E125C30-8FB8-4F74-AF0E-80053A684630}.Release|Any CPU.Build.0 = Release|Any CPU
		{D2102274-476D-4214-9083-284EACC6E988}.Debug|Any CPU.ActiveCfg = Debug|Any CPU
		{D2102274-476D-4214-9083-284EACC6E988}.Debug|Any CPU.Build.0 = Debug|Any CPU
		{D2102274-476D-4214-9083-284EACC6E988}.Release|Any CPU.ActiveCfg = Release|Any CPU
		{D2102274-476D-4214-9083-284EACC6E988}.Release|Any CPU.Build.0 = Release|Any CPU
		{A89169C8-4DE4-4035-8D5F-FEA50836A941}.Debug|Any CPU.ActiveCfg = Debug|Any CPU
		{A89169C8-4DE4-4035-8D5F-FEA50836A941}.Debug|Any CPU.Build.0 = Debug|Any CPU
		{A89169C8-4DE4-4035-8D5F-FEA50836A941}.Release|Any CPU.ActiveCfg = Release|Any CPU
		{A89169C8-4DE4-4035-8D5F-FEA50836A941}.Release|Any CPU.Build.0 = Release|Any CPU
	EndGlobalSection
	GlobalSection(SolutionProperties) = preSolution
		HideSolutionNode = FALSE
	EndGlobalSection
	GlobalSection(NestedProjects) = preSolution
		{5CCF90C0-201A-4766-B515-7AC7A4A809F0} = {450F6A9A-5D9F-4549-BD18-D085C54E110A}
		{8164E482-8B57-4E11-BE7F-BFBE9B7B53DA} = {5CCF90C0-201A-4766-B515-7AC7A4A809F0}
		{F5B14695-BFB2-4CFB-8D54-82206627355F} = {095735D8-3DE8-4487-BA64-0C03AF3BFF97}
		{2C65E35E-6C2F-4796-9625-55BD8F0C2409} = {450F6A9A-5D9F-4549-BD18-D085C54E110A}
		{42F65656-6DD4-4CAD-B88A-5D68B6F26D69} = {2C65E35E-6C2F-4796-9625-55BD8F0C2409}
		{CF264834-5FF0-4F18-9FE1-352B652C3E37} = {450F6A9A-5D9F-4549-BD18-D085C54E110A}
		{7A2D4C4A-DF40-48A8-B4C9-AD049BCE34BC} = {CF264834-5FF0-4F18-9FE1-352B652C3E37}
		{E3F15284-2588-4026-908D-910BC447056A} = {450F6A9A-5D9F-4549-BD18-D085C54E110A}
		{5723097D-B37E-4BFA-83CE-21CE46F2CA05} = {E3F15284-2588-4026-908D-910BC447056A}
		{2B671DFC-EDB3-44C2-9B88-75EB33DB2E8B} = {E3F15284-2588-4026-908D-910BC447056A}
		{1B23E644-181F-4AE7-A20D-530258C6BE0D} = {E3F15284-2588-4026-908D-910BC447056A}
		{9E125C30-8FB8-4F74-AF0E-80053A684630} = {E3F15284-2588-4026-908D-910BC447056A}
		{D2102274-476D-4214-9083-284EACC6E988} = {095735D8-3DE8-4487-BA64-0C03AF3BFF97}
		{A89169C8-4DE4-4035-8D5F-FEA50836A941} = {5A096968-DEED-48AD-A2F8-C45565A7D896}
	EndGlobalSection
EndGlobal
